// !$*UTF8*$!
{
	archiveVersion = 1;
	classes = {
	};
	objectVersion = 56;
	objects = {

/* Begin PBXBuildFile section */
		494714692C6648EF00D90B2C /* CoreData.framework in Frameworks */ = {isa = PBXBuildFile; fileRef = 494714682C6648EF00D90B2C /* CoreData.framework */; };
		4947146C2C66495800D90B2C /* PokemonModel.xcdatamodeld in Sources */ = {isa = PBXBuildFile; fileRef = 4947146A2C66495800D90B2C /* PokemonModel.xcdatamodeld */; };
		4947146E2C664A2C00D90B2C /* PokemonViewModelTests.swift in Sources */ = {isa = PBXBuildFile; fileRef = 4947146D2C664A2C00D90B2C /* PokemonViewModelTests.swift */; };
		494714712C664CF500D90B2C /* BackgroundFetchManager.swift in Sources */ = {isa = PBXBuildFile; fileRef = 494714702C664CF500D90B2C /* BackgroundFetchManager.swift */; };
		4961C9972C65419500FA659B /* PokemonListView.swift in Sources */ = {isa = PBXBuildFile; fileRef = 4961C9962C65419500FA659B /* PokemonListView.swift */; };
		49AD8FE62C5BE8DD0087CF09 /* pokedexApp.swift in Sources */ = {isa = PBXBuildFile; fileRef = 49AD8FE52C5BE8DD0087CF09 /* pokedexApp.swift */; };
		49AD8FEA2C5BE8DF0087CF09 /* Assets.xcassets in Resources */ = {isa = PBXBuildFile; fileRef = 49AD8FE92C5BE8DF0087CF09 /* Assets.xcassets */; };
		49AD8FED2C5BE8DF0087CF09 /* Preview Assets.xcassets in Resources */ = {isa = PBXBuildFile; fileRef = 49AD8FEC2C5BE8DF0087CF09 /* Preview Assets.xcassets */; };
		49AD8FFC2C5BE8DF0087CF09 /* pokedexTests.swift in Sources */ = {isa = PBXBuildFile; fileRef = 49AD8FFB2C5BE8DF0087CF09 /* pokedexTests.swift */; };
		49AD90182C5BF8100087CF09 /* ContentView.swift in Sources */ = {isa = PBXBuildFile; fileRef = 49AD90172C5BF8100087CF09 /* ContentView.swift */; };
		49AD901A2C5BFA0C0087CF09 /* PokemonCell.swift in Sources */ = {isa = PBXBuildFile; fileRef = 49AD90192C5BFA0C0087CF09 /* PokemonCell.swift */; };
		49AD901C2C5BFCA80087CF09 /* Pokemon.swift in Sources */ = {isa = PBXBuildFile; fileRef = 49AD901B2C5BFCA80087CF09 /* Pokemon.swift */; };
		49AD901E2C5C01440087CF09 /* PokemonViewModel.swift in Sources */ = {isa = PBXBuildFile; fileRef = 49AD901D2C5C01440087CF09 /* PokemonViewModel.swift */; };
/* End PBXBuildFile section */

/* Begin PBXContainerItemProxy section */
		49AD8FF82C5BE8DF0087CF09 /* PBXContainerItemProxy */ = {
			isa = PBXContainerItemProxy;
			containerPortal = 49AD8FDA2C5BE8DD0087CF09 /* Project object */;
			proxyType = 1;
			remoteGlobalIDString = 49AD8FE12C5BE8DD0087CF09;
			remoteInfo = pokedex;
		};
/* End PBXContainerItemProxy section */

/* Begin PBXFileReference section */
		494714682C6648EF00D90B2C /* CoreData.framework */ = {isa = PBXFileReference; lastKnownFileType = wrapper.framework; name = CoreData.framework; path = System/Library/Frameworks/CoreData.framework; sourceTree = SDKROOT; };
		4947146B2C66495800D90B2C /* PokemonModel.xcdatamodel */ = {isa = PBXFileReference; lastKnownFileType = wrapper.xcdatamodel; path = PokemonModel.xcdatamodel; sourceTree = "<group>"; };
		4947146D2C664A2C00D90B2C /* PokemonViewModelTests.swift */ = {isa = PBXFileReference; lastKnownFileType = sourcecode.swift; path = PokemonViewModelTests.swift; sourceTree = "<group>"; };
		4947146F2C664B6800D90B2C /* Info.plist */ = {isa = PBXFileReference; lastKnownFileType = text.plist; path = Info.plist; sourceTree = "<group>"; };
		494714702C664CF500D90B2C /* BackgroundFetchManager.swift */ = {isa = PBXFileReference; lastKnownFileType = sourcecode.swift; path = BackgroundFetchManager.swift; sourceTree = "<group>"; };
		4961C9962C65419500FA659B /* PokemonListView.swift */ = {isa = PBXFileReference; lastKnownFileType = sourcecode.swift; path = PokemonListView.swift; sourceTree = "<group>"; };
		49AD8FE22C5BE8DD0087CF09 /* pokedex.app */ = {isa = PBXFileReference; explicitFileType = wrapper.application; includeInIndex = 0; path = pokedex.app; sourceTree = BUILT_PRODUCTS_DIR; };
		49AD8FE52C5BE8DD0087CF09 /* pokedexApp.swift */ = {isa = PBXFileReference; lastKnownFileType = sourcecode.swift; path = pokedexApp.swift; sourceTree = "<group>"; };
		49AD8FE92C5BE8DF0087CF09 /* Assets.xcassets */ = {isa = PBXFileReference; lastKnownFileType = folder.assetcatalog; path = Assets.xcassets; sourceTree = "<group>"; };
		49AD8FEC2C5BE8DF0087CF09 /* Preview Assets.xcassets */ = {isa = PBXFileReference; lastKnownFileType = folder.assetcatalog; path = "Preview Assets.xcassets"; sourceTree = "<group>"; };
		49AD8FF72C5BE8DF0087CF09 /* pokedexTests.xctest */ = {isa = PBXFileReference; explicitFileType = wrapper.cfbundle; includeInIndex = 0; path = pokedexTests.xctest; sourceTree = BUILT_PRODUCTS_DIR; };
		49AD8FFB2C5BE8DF0087CF09 /* pokedexTests.swift */ = {isa = PBXFileReference; lastKnownFileType = sourcecode.swift; path = pokedexTests.swift; sourceTree = "<group>"; };
		49AD90172C5BF8100087CF09 /* ContentView.swift */ = {isa = PBXFileReference; lastKnownFileType = sourcecode.swift; path = ContentView.swift; sourceTree = "<group>"; };
		49AD90192C5BFA0C0087CF09 /* PokemonCell.swift */ = {isa = PBXFileReference; lastKnownFileType = sourcecode.swift; path = PokemonCell.swift; sourceTree = "<group>"; };
		49AD901B2C5BFCA80087CF09 /* Pokemon.swift */ = {isa = PBXFileReference; lastKnownFileType = sourcecode.swift; path = Pokemon.swift; sourceTree = "<group>"; };
		49AD901D2C5C01440087CF09 /* PokemonViewModel.swift */ = {isa = PBXFileReference; lastKnownFileType = sourcecode.swift; path = PokemonViewModel.swift; sourceTree = "<group>"; };
/* End PBXFileReference section */

/* Begin PBXFrameworksBuildPhase section */
		49AD8FDF2C5BE8DD0087CF09 /* Frameworks */ = {
			isa = PBXFrameworksBuildPhase;
			buildActionMask = 2147483647;
			files = (
				494714692C6648EF00D90B2C /* CoreData.framework in Frameworks */,
			);
			runOnlyForDeploymentPostprocessing = 0;
		};
		49AD8FF42C5BE8DF0087CF09 /* Frameworks */ = {
			isa = PBXFrameworksBuildPhase;
			buildActionMask = 2147483647;
			files = (
			);
			runOnlyForDeploymentPostprocessing = 0;
		};
/* End PBXFrameworksBuildPhase section */

/* Begin PBXGroup section */
		494714672C6648EF00D90B2C /* Frameworks */ = {
			isa = PBXGroup;
			children = (
				494714682C6648EF00D90B2C /* CoreData.framework */,
			);
			name = Frameworks;
			sourceTree = "<group>";
		};
		49AD8FD92C5BE8DD0087CF09 = {
			isa = PBXGroup;
			children = (
				49AD8FE42C5BE8DD0087CF09 /* pokedex */,
				49AD8FFA2C5BE8DF0087CF09 /* pokedexTests */,
				49AD8FE32C5BE8DD0087CF09 /* Products */,
				494714672C6648EF00D90B2C /* Frameworks */,
			);
			sourceTree = "<group>";
		};
		49AD8FE32C5BE8DD0087CF09 /* Products */ = {
			isa = PBXGroup;
			children = (
				49AD8FE22C5BE8DD0087CF09 /* pokedex.app */,
				49AD8FF72C5BE8DF0087CF09 /* pokedexTests.xctest */,
			);
			name = Products;
			sourceTree = "<group>";
		};
		49AD8FE42C5BE8DD0087CF09 /* pokedex */ = {
			isa = PBXGroup;
			children = (
				4947146F2C664B6800D90B2C /* Info.plist */,
				49AD90242C5C05B10087CF09 /* Features */,
				49AD8FE52C5BE8DD0087CF09 /* pokedexApp.swift */,
				494714702C664CF500D90B2C /* BackgroundFetchManager.swift */,
				49AD8FE92C5BE8DF0087CF09 /* Assets.xcassets */,
				49AD8FEB2C5BE8DF0087CF09 /* Preview Content */,
				4947146A2C66495800D90B2C /* PokemonModel.xcdatamodeld */,
			);
			path = pokedex;
			sourceTree = "<group>";
		};
		49AD8FEB2C5BE8DF0087CF09 /* Preview Content */ = {
			isa = PBXGroup;
			children = (
				49AD8FEC2C5BE8DF0087CF09 /* Preview Assets.xcassets */,
			);
			path = "Preview Content";
			sourceTree = "<group>";
		};
		49AD8FFA2C5BE8DF0087CF09 /* pokedexTests */ = {
			isa = PBXGroup;
			children = (
				49AD8FFB2C5BE8DF0087CF09 /* pokedexTests.swift */,
				4947146D2C664A2C00D90B2C /* PokemonViewModelTests.swift */,
			);
			path = pokedexTests;
			sourceTree = "<group>";
		};
		49AD90142C5BED210087CF09 /* Views */ = {
			isa = PBXGroup;
			children = (
				49AD90172C5BF8100087CF09 /* ContentView.swift */,
				49AD90192C5BFA0C0087CF09 /* PokemonCell.swift */,
				4961C9962C65419500FA659B /* PokemonListView.swift */,
			);
			path = Views;
			sourceTree = "<group>";
		};
		49AD90152C5BED2B0087CF09 /* Models */ = {
			isa = PBXGroup;
			children = (
				49AD901B2C5BFCA80087CF09 /* Pokemon.swift */,
			);
			path = Models;
			sourceTree = "<group>";
		};
		49AD90162C5BED300087CF09 /* ViewModels */ = {
			isa = PBXGroup;
			children = (
				49AD901D2C5C01440087CF09 /* PokemonViewModel.swift */,
			);
			path = ViewModels;
			sourceTree = "<group>";
		};
		49AD90242C5C05B10087CF09 /* Features */ = {
			isa = PBXGroup;
			children = (
				49AD90252C5C05C10087CF09 /* Home */,
			);
			path = Features;
			sourceTree = "<group>";
		};
		49AD90252C5C05C10087CF09 /* Home */ = {
			isa = PBXGroup;
			children = (
				49AD90162C5BED300087CF09 /* ViewModels */,
				49AD90152C5BED2B0087CF09 /* Models */,
				49AD90142C5BED210087CF09 /* Views */,
			);
			path = Home;
			sourceTree = "<group>";
		};
/* End PBXGroup section */

/* Begin PBXNativeTarget section */
		49AD8FE12C5BE8DD0087CF09 /* pokedex */ = {
			isa = PBXNativeTarget;
			buildConfigurationList = 49AD900B2C5BE8DF0087CF09 /* Build configuration list for PBXNativeTarget "pokedex" */;
			buildPhases = (
				49AD8FDE2C5BE8DD0087CF09 /* Sources */,
				49AD8FDF2C5BE8DD0087CF09 /* Frameworks */,
				49AD8FE02C5BE8DD0087CF09 /* Resources */,
			);
			buildRules = (
			);
			dependencies = (
			);
			name = pokedex;
			productName = pokedex;
			productReference = 49AD8FE22C5BE8DD0087CF09 /* pokedex.app */;
			productType = "com.apple.product-type.application";
		};
		49AD8FF62C5BE8DF0087CF09 /* pokedexTests */ = {
			isa = PBXNativeTarget;
			buildConfigurationList = 49AD900E2C5BE8DF0087CF09 /* Build configuration list for PBXNativeTarget "pokedexTests" */;
			buildPhases = (
				49AD8FF32C5BE8DF0087CF09 /* Sources */,
				49AD8FF42C5BE8DF0087CF09 /* Frameworks */,
				49AD8FF52C5BE8DF0087CF09 /* Resources */,
			);
			buildRules = (
			);
			dependencies = (
				49AD8FF92C5BE8DF0087CF09 /* PBXTargetDependency */,
			);
			name = pokedexTests;
			productName = pokedexTests;
			productReference = 49AD8FF72C5BE8DF0087CF09 /* pokedexTests.xctest */;
			productType = "com.apple.product-type.bundle.unit-test";
		};
/* End PBXNativeTarget section */

/* Begin PBXProject section */
		49AD8FDA2C5BE8DD0087CF09 /* Project object */ = {
			isa = PBXProject;
			attributes = {
				BuildIndependentTargetsInParallel = 1;
				LastSwiftUpdateCheck = 1540;
				LastUpgradeCheck = 1540;
				TargetAttributes = {
					49AD8FE12C5BE8DD0087CF09 = {
						CreatedOnToolsVersion = 15.4;
					};
					49AD8FF62C5BE8DF0087CF09 = {
						CreatedOnToolsVersion = 15.4;
						TestTargetID = 49AD8FE12C5BE8DD0087CF09;
					};
				};
			};
			buildConfigurationList = 49AD8FDD2C5BE8DD0087CF09 /* Build configuration list for PBXProject "pokedex" */;
			compatibilityVersion = "Xcode 14.0";
			developmentRegion = en;
			hasScannedForEncodings = 0;
			knownRegions = (
				en,
				Base,
			);
			mainGroup = 49AD8FD92C5BE8DD0087CF09;
			productRefGroup = 49AD8FE32C5BE8DD0087CF09 /* Products */;
			projectDirPath = "";
			projectRoot = "";
			targets = (
				49AD8FE12C5BE8DD0087CF09 /* pokedex */,
				49AD8FF62C5BE8DF0087CF09 /* pokedexTests */,
			);
		};
/* End PBXProject section */

/* Begin PBXResourcesBuildPhase section */
		49AD8FE02C5BE8DD0087CF09 /* Resources */ = {
			isa = PBXResourcesBuildPhase;
			buildActionMask = 2147483647;
			files = (
				49AD8FED2C5BE8DF0087CF09 /* Preview Assets.xcassets in Resources */,
				49AD8FEA2C5BE8DF0087CF09 /* Assets.xcassets in Resources */,
			);
			runOnlyForDeploymentPostprocessing = 0;
		};
		49AD8FF52C5BE8DF0087CF09 /* Resources */ = {
			isa = PBXResourcesBuildPhase;
			buildActionMask = 2147483647;
			files = (
			);
			runOnlyForDeploymentPostprocessing = 0;
		};
/* End PBXResourcesBuildPhase section */

/* Begin PBXSourcesBuildPhase section */
		49AD8FDE2C5BE8DD0087CF09 /* Sources */ = {
			isa = PBXSourcesBuildPhase;
			buildActionMask = 2147483647;
			files = (
				4947146C2C66495800D90B2C /* PokemonModel.xcdatamodeld in Sources */,
				49AD901E2C5C01440087CF09 /* PokemonViewModel.swift in Sources */,
				49AD90182C5BF8100087CF09 /* ContentView.swift in Sources */,
				49AD901C2C5BFCA80087CF09 /* Pokemon.swift in Sources */,
				494714712C664CF500D90B2C /* BackgroundFetchManager.swift in Sources */,
				49AD8FE62C5BE8DD0087CF09 /* pokedexApp.swift in Sources */,
				49AD901A2C5BFA0C0087CF09 /* PokemonCell.swift in Sources */,
				4961C9972C65419500FA659B /* PokemonListView.swift in Sources */,
			);
			runOnlyForDeploymentPostprocessing = 0;
		};
		49AD8FF32C5BE8DF0087CF09 /* Sources */ = {
			isa = PBXSourcesBuildPhase;
			buildActionMask = 2147483647;
			files = (
				4947146E2C664A2C00D90B2C /* PokemonViewModelTests.swift in Sources */,
				49AD8FFC2C5BE8DF0087CF09 /* pokedexTests.swift in Sources */,
			);
			runOnlyForDeploymentPostprocessing = 0;
		};
/* End PBXSourcesBuildPhase section */

/* Begin PBXTargetDependency section */
		49AD8FF92C5BE8DF0087CF09 /* PBXTargetDependency */ = {
			isa = PBXTargetDependency;
			target = 49AD8FE12C5BE8DD0087CF09 /* pokedex */;
			targetProxy = 49AD8FF82C5BE8DF0087CF09 /* PBXContainerItemProxy */;
		};
/* End PBXTargetDependency section */

/* Begin XCBuildConfiguration section */
		49AD90092C5BE8DF0087CF09 /* Debug */ = {
			isa = XCBuildConfiguration;
			buildSettings = {
				ALWAYS_SEARCH_USER_PATHS = NO;
				ASSETCATALOG_COMPILER_GENERATE_SWIFT_ASSET_SYMBOL_EXTENSIONS = YES;
				CLANG_ANALYZER_NONNULL = YES;
				CLANG_ANALYZER_NUMBER_OBJECT_CONVERSION = YES_AGGRESSIVE;
				CLANG_CXX_LANGUAGE_STANDARD = "gnu++20";
				CLANG_ENABLE_MODULES = YES;
				CLANG_ENABLE_OBJC_ARC = YES;
				CLANG_ENABLE_OBJC_WEAK = YES;
				CLANG_WARN_BLOCK_CAPTURE_AUTORELEASING = YES;
				CLANG_WARN_BOOL_CONVERSION = YES;
				CLANG_WARN_COMMA = YES;
				CLANG_WARN_CONSTANT_CONVERSION = YES;
				CLANG_WARN_DEPRECATED_OBJC_IMPLEMENTATIONS = YES;
				CLANG_WARN_DIRECT_OBJC_ISA_USAGE = YES_ERROR;
				CLANG_WARN_DOCUMENTATION_COMMENTS = YES;
				CLANG_WARN_EMPTY_BODY = YES;
				CLANG_WARN_ENUM_CONVERSION = YES;
				CLANG_WARN_INFINITE_RECURSION = YES;
				CLANG_WARN_INT_CONVERSION = YES;
				CLANG_WARN_NON_LITERAL_NULL_CONVERSION = YES;
				CLANG_WARN_OBJC_IMPLICIT_RETAIN_SELF = YES;
				CLANG_WARN_OBJC_LITERAL_CONVERSION = YES;
				CLANG_WARN_OBJC_ROOT_CLASS = YES_ERROR;
				CLANG_WARN_QUOTED_INCLUDE_IN_FRAMEWORK_HEADER = YES;
				CLANG_WARN_RANGE_LOOP_ANALYSIS = YES;
				CLANG_WARN_STRICT_PROTOTYPES = YES;
				CLANG_WARN_SUSPICIOUS_MOVE = YES;
				CLANG_WARN_UNGUARDED_AVAILABILITY = YES_AGGRESSIVE;
				CLANG_WARN_UNREACHABLE_CODE = YES;
				CLANG_WARN__DUPLICATE_METHOD_MATCH = YES;
				COPY_PHASE_STRIP = NO;
				DEBUG_INFORMATION_FORMAT = dwarf;
				ENABLE_STRICT_OBJC_MSGSEND = YES;
				ENABLE_TESTABILITY = YES;
				ENABLE_USER_SCRIPT_SANDBOXING = YES;
				GCC_C_LANGUAGE_STANDARD = gnu17;
				GCC_DYNAMIC_NO_PIC = NO;
				GCC_NO_COMMON_BLOCKS = YES;
				GCC_OPTIMIZATION_LEVEL = 0;
				GCC_PREPROCESSOR_DEFINITIONS = (
					"DEBUG=1",
					"$(inherited)",
				);
				GCC_WARN_64_TO_32_BIT_CONVERSION = YES;
				GCC_WARN_ABOUT_RETURN_TYPE = YES_ERROR;
				GCC_WARN_UNDECLARED_SELECTOR = YES;
				GCC_WARN_UNINITIALIZED_AUTOS = YES_AGGRESSIVE;
				GCC_WARN_UNUSED_FUNCTION = YES;
				GCC_WARN_UNUSED_VARIABLE = YES;
				IPHONEOS_DEPLOYMENT_TARGET = 17.5;
				LOCALIZATION_PREFERS_STRING_CATALOGS = YES;
				MTL_ENABLE_DEBUG_INFO = INCLUDE_SOURCE;
				MTL_FAST_MATH = YES;
				ONLY_ACTIVE_ARCH = YES;
				SDKROOT = iphoneos;
				SWIFT_ACTIVE_COMPILATION_CONDITIONS = "DEBUG $(inherited)";
				SWIFT_OPTIMIZATION_LEVEL = "-Onone";
			};
			name = Debug;
		};
		49AD900A2C5BE8DF0087CF09 /* Release */ = {
			isa = XCBuildConfiguration;
			buildSettings = {
				ALWAYS_SEARCH_USER_PATHS = NO;
				ASSETCATALOG_COMPILER_GENERATE_SWIFT_ASSET_SYMBOL_EXTENSIONS = YES;
				CLANG_ANALYZER_NONNULL = YES;
				CLANG_ANALYZER_NUMBER_OBJECT_CONVERSION = YES_AGGRESSIVE;
				CLANG_CXX_LANGUAGE_STANDARD = "gnu++20";
				CLANG_ENABLE_MODULES = YES;
				CLANG_ENABLE_OBJC_ARC = YES;
				CLANG_ENABLE_OBJC_WEAK = YES;
				CLANG_WARN_BLOCK_CAPTURE_AUTORELEASING = YES;
				CLANG_WARN_BOOL_CONVERSION = YES;
				CLANG_WARN_COMMA = YES;
				CLANG_WARN_CONSTANT_CONVERSION = YES;
				CLANG_WARN_DEPRECATED_OBJC_IMPLEMENTATIONS = YES;
				CLANG_WARN_DIRECT_OBJC_ISA_USAGE = YES_ERROR;
				CLANG_WARN_DOCUMENTATION_COMMENTS = YES;
				CLANG_WARN_EMPTY_BODY = YES;
				CLANG_WARN_ENUM_CONVERSION = YES;
				CLANG_WARN_INFINITE_RECURSION = YES;
				CLANG_WARN_INT_CONVERSION = YES;
				CLANG_WARN_NON_LITERAL_NULL_CONVERSION = YES;
				CLANG_WARN_OBJC_IMPLICIT_RETAIN_SELF = YES;
				CLANG_WARN_OBJC_LITERAL_CONVERSION = YES;
				CLANG_WARN_OBJC_ROOT_CLASS = YES_ERROR;
				CLANG_WARN_QUOTED_INCLUDE_IN_FRAMEWORK_HEADER = YES;
				CLANG_WARN_RANGE_LOOP_ANALYSIS = YES;
				CLANG_WARN_STRICT_PROTOTYPES = YES;
				CLANG_WARN_SUSPICIOUS_MOVE = YES;
				CLANG_WARN_UNGUARDED_AVAILABILITY = YES_AGGRESSIVE;
				CLANG_WARN_UNREACHABLE_CODE = YES;
				CLANG_WARN__DUPLICATE_METHOD_MATCH = YES;
				COPY_PHASE_STRIP = NO;
				DEBUG_INFORMATION_FORMAT = "dwarf-with-dsym";
				ENABLE_NS_ASSERTIONS = NO;
				ENABLE_STRICT_OBJC_MSGSEND = YES;
				ENABLE_USER_SCRIPT_SANDBOXING = YES;
				GCC_C_LANGUAGE_STANDARD = gnu17;
				GCC_NO_COMMON_BLOCKS = YES;
				GCC_WARN_64_TO_32_BIT_CONVERSION = YES;
				GCC_WARN_ABOUT_RETURN_TYPE = YES_ERROR;
				GCC_WARN_UNDECLARED_SELECTOR = YES;
				GCC_WARN_UNINITIALIZED_AUTOS = YES_AGGRESSIVE;
				GCC_WARN_UNUSED_FUNCTION = YES;
				GCC_WARN_UNUSED_VARIABLE = YES;
				IPHONEOS_DEPLOYMENT_TARGET = 17.5;
				LOCALIZATION_PREFERS_STRING_CATALOGS = YES;
				MTL_ENABLE_DEBUG_INFO = NO;
				MTL_FAST_MATH = YES;
				SDKROOT = iphoneos;
				SWIFT_COMPILATION_MODE = wholemodule;
				VALIDATE_PRODUCT = YES;
			};
			name = Release;
		};
		49AD900C2C5BE8DF0087CF09 /* Debug */ = {
			isa = XCBuildConfiguration;
			buildSettings = {
				ASSETCATALOG_COMPILER_APPICON_NAME = AppIcon;
				ASSETCATALOG_COMPILER_GLOBAL_ACCENT_COLOR_NAME = AccentColor;
				CODE_SIGN_STYLE = Automatic;
				CURRENT_PROJECT_VERSION = 1;
				DEVELOPMENT_ASSET_PATHS = "\"pokedex/Preview Content\"";
				DEVELOPMENT_TEAM = 2P6MLXG9Q4;
				ENABLE_PREVIEWS = YES;
				GENERATE_INFOPLIST_FILE = YES;
				INFOPLIST_FILE = pokedex/Info.plist;
				INFOPLIST_KEY_UIApplicationSceneManifest_Generation = YES;
				INFOPLIST_KEY_UIApplicationSupportsIndirectInputEvents = YES;
				INFOPLIST_KEY_UILaunchScreen_Generation = YES;
				INFOPLIST_KEY_UISupportedInterfaceOrientations_iPad = "UIInterfaceOrientationPortrait UIInterfaceOrientationPortraitUpsideDown UIInterfaceOrientationLandscapeLeft UIInterfaceOrientationLandscapeRight";
				INFOPLIST_KEY_UISupportedInterfaceOrientations_iPhone = "UIInterfaceOrientationPortrait UIInterfaceOrientationLandscapeLeft UIInterfaceOrientationLandscapeRight";
				LD_RUNPATH_SEARCH_PATHS = (
					"$(inherited)",
					"@executable_path/Frameworks",
				);
				MARKETING_VERSION = 1.0;
				PRODUCT_BUNDLE_IDENTIFIER = com.jmrl.pokedex;
				PRODUCT_NAME = "$(TARGET_NAME)";
				SWIFT_EMIT_LOC_STRINGS = YES;
				SWIFT_VERSION = 5.0;
				TARGETED_DEVICE_FAMILY = "1,2";
			};
			name = Debug;
		};
		49AD900D2C5BE8DF0087CF09 /* Release */ = {
			isa = XCBuildConfiguration;
			buildSettings = {
				ASSETCATALOG_COMPILER_APPICON_NAME = AppIcon;
				ASSETCATALOG_COMPILER_GLOBAL_ACCENT_COLOR_NAME = AccentColor;
				CODE_SIGN_STYLE = Automatic;
				CURRENT_PROJECT_VERSION = 1;
				DEVELOPMENT_ASSET_PATHS = "\"pokedex/Preview Content\"";
				DEVELOPMENT_TEAM = 2P6MLXG9Q4;
				ENABLE_PREVIEWS = YES;
				GENERATE_INFOPLIST_FILE = YES;
				INFOPLIST_FILE = pokedex/Info.plist;
				INFOPLIST_KEY_UIApplicationSceneManifest_Generation = YES;
				INFOPLIST_KEY_UIApplicationSupportsIndirectInputEvents = YES;
				INFOPLIST_KEY_UILaunchScreen_Generation = YES;
				INFOPLIST_KEY_UISupportedInterfaceOrientations_iPad = "UIInterfaceOrientationPortrait UIInterfaceOrientationPortraitUpsideDown UIInterfaceOrientationLandscapeLeft UIInterfaceOrientationLandscapeRight";
				INFOPLIST_KEY_UISupportedInterfaceOrientations_iPhone = "UIInterfaceOrientationPortrait UIInterfaceOrientationLandscapeLeft UIInterfaceOrientationLandscapeRight";
				LD_RUNPATH_SEARCH_PATHS = (
					"$(inherited)",
					"@executable_path/Frameworks",
				);
				MARKETING_VERSION = 1.0;
				PRODUCT_BUNDLE_IDENTIFIER = com.jmrl.pokedex;
				PRODUCT_NAME = "$(TARGET_NAME)";
				SWIFT_EMIT_LOC_STRINGS = YES;
				SWIFT_VERSION = 5.0;
				TARGETED_DEVICE_FAMILY = "1,2";
			};
			name = Release;
		};
		49AD900F2C5BE8DF0087CF09 /* Debug */ = {
			isa = XCBuildConfiguration;
			buildSettings = {
				ALWAYS_EMBED_SWIFT_STANDARD_LIBRARIES = YES;
				BUNDLE_LOADER = "$(TEST_HOST)";
				CODE_SIGN_STYLE = Automatic;
				CURRENT_PROJECT_VERSION = 1;
				DEVELOPMENT_TEAM = 2P6MLXG9Q4;
				GENERATE_INFOPLIST_FILE = YES;
				IPHONEOS_DEPLOYMENT_TARGET = 17.5;
				MARKETING_VERSION = 1.0;
				PRODUCT_BUNDLE_IDENTIFIER = com.jmrl.pokedexTests;
				PRODUCT_NAME = "$(TARGET_NAME)";
				SWIFT_EMIT_LOC_STRINGS = NO;
				SWIFT_VERSION = 5.0;
				TARGETED_DEVICE_FAMILY = "1,2";
				TEST_HOST = "$(BUILT_PRODUCTS_DIR)/pokedex.app/$(BUNDLE_EXECUTABLE_FOLDER_PATH)/pokedex";
			};
			name = Debug;
		};
		49AD90102C5BE8DF0087CF09 /* Release */ = {
			isa = XCBuildConfiguration;
			buildSettings = {
				ALWAYS_EMBED_SWIFT_STANDARD_LIBRARIES = YES;
				BUNDLE_LOADER = "$(TEST_HOST)";
				CODE_SIGN_STYLE = Automatic;
				CURRENT_PROJECT_VERSION = 1;
				DEVELOPMENT_TEAM = 2P6MLXG9Q4;
				GENERATE_INFOPLIST_FILE = YES;
				IPHONEOS_DEPLOYMENT_TARGET = 17.5;
				MARKETING_VERSION = 1.0;
				PRODUCT_BUNDLE_IDENTIFIER = com.jmrl.pokedexTests;
				PRODUCT_NAME = "$(TARGET_NAME)";
				SWIFT_EMIT_LOC_STRINGS = NO;
				SWIFT_VERSION = 5.0;
				TARGETED_DEVICE_FAMILY = "1,2";
				TEST_HOST = "$(BUILT_PRODUCTS_DIR)/pokedex.app/$(BUNDLE_EXECUTABLE_FOLDER_PATH)/pokedex";
			};
			name = Release;
		};
/* End XCBuildConfiguration section */

/* Begin XCConfigurationList section */
		49AD8FDD2C5BE8DD0087CF09 /* Build configuration list for PBXProject "pokedex" */ = {
			isa = XCConfigurationList;
			buildConfigurations = (
				49AD90092C5BE8DF0087CF09 /* Debug */,
				49AD900A2C5BE8DF0087CF09 /* Release */,
			);
			defaultConfigurationIsVisible = 0;
			defaultConfigurationName = Release;
		};
		49AD900B2C5BE8DF0087CF09 /* Build configuration list for PBXNativeTarget "pokedex" */ = {
			isa = XCConfigurationList;
			buildConfigurations = (
				49AD900C2C5BE8DF0087CF09 /* Debug */,
				49AD900D2C5BE8DF0087CF09 /* Release */,
			);
			defaultConfigurationIsVisible = 0;
			defaultConfigurationName = Release;
		};
		49AD900E2C5BE8DF0087CF09 /* Build configuration list for PBXNativeTarget "pokedexTests" */ = {
			isa = XCConfigurationList;
			buildConfigurations = (
				49AD900F2C5BE8DF0087CF09 /* Debug */,
				49AD90102C5BE8DF0087CF09 /* Release */,
			);
			defaultConfigurationIsVisible = 0;
			defaultConfigurationName = Release;
		};
/* End XCConfigurationList section */

/* Begin XCVersionGroup section */
		4947146A2C66495800D90B2C /* PokemonModel.xcdatamodeld */ = {
			isa = XCVersionGroup;
			children = (
				4947146B2C66495800D90B2C /* PokemonModel.xcdatamodel */,
			);
			currentVersion = 4947146B2C66495800D90B2C /* PokemonModel.xcdatamodel */;
			name = PokemonModel.xcdatamodeld;
			path = /Users/miguel/development/pokedex/pokedex/PokemonModel.xcdatamodeld;
			sourceTree = "<group>";
			versionGroupType = wrapper.xcdatamodel;
		};
/* End XCVersionGroup section */
	};
	rootObject = 49AD8FDA2C5BE8DD0087CF09 /* Project object */;
}
